
Microsoft Visual Studio Solution File, Format Version 12.00
# Visual Studio 14
VisualStudioVersion = 14.0.24720.0
MinimumVisualStudioVersion = 10.0.40219.1
Project("{FAE04EC0-301F-11D3-BF4B-00C04F79EFBC}") = "Esimerkki1", "Esimerkki1\Esimerkki1.csproj", "{9BFA064B-B841-4CEE-B47F-8E2E53A1CFF4}"
EndProject
Project("{FAE04EC0-301F-11D3-BF4B-00C04F79EFBC}") = "Esimerkki2", "Esimerkki2\Esimerkki2.csproj", "{8BAEF8DF-091E-42B0-B5F8-07A2F4657612}"
EndProject
Project("{FAE04EC0-301F-11D3-BF4B-00C04F79EFBC}") = "Esimerkki3", "Esimerkki3\Esimerkki3.csproj", "{4EA9D42D-20E2-4F87-8530-F1D0F6C80285}"
EndProject
Project("{FAE04EC0-301F-11D3-BF4B-00C04F79EFBC}") = "Esimerkki4", "Esimerkki4\Esimerkki4.csproj", "{4C49907B-C9FF-4DB4-ABC5-EDBD15AC723A}"
EndProject
Project("{FAE04EC0-301F-11D3-BF4B-00C04F79EFBC}") = "Esimerkki5", "Esimerkki5\Esimerkki5.csproj", "{F96954FD-D223-4D9F-BAC8-59A9DF542602}"
EndProject
Project("{FAE04EC0-301F-11D3-BF4B-00C04F79EFBC}") = "Esimerkki6", "Esimerkki6\Esimerkki6.csproj", "{3C4FB92B-F479-48E7-8DC3-27DB2F1ACC0D}"
EndProject
Global
	GlobalSection(SolutionConfigurationPlatforms) = preSolution
		Debug|ARM = Debug|ARM
		Debug|x64 = Debug|x64
		Debug|x86 = Debug|x86
		Release|ARM = Release|ARM
		Release|x64 = Release|x64
		Release|x86 = Release|x86
	EndGlobalSection
	GlobalSection(ProjectConfigurationPlatforms) = postSolution
		{9BFA064B-B841-4CEE-B47F-8E2E53A1CFF4}.Debug|ARM.ActiveCfg = Debug|ARM
		{9BFA064B-B841-4CEE-B47F-8E2E53A1CFF4}.Debug|ARM.Build.0 = Debug|ARM
		{9BFA064B-B841-4CEE-B47F-8E2E53A1CFF4}.Debug|ARM.Deploy.0 = Debug|ARM
		{9BFA064B-B841-4CEE-B47F-8E2E53A1CFF4}.Debug|x64.ActiveCfg = Debug|x64
		{9BFA064B-B841-4CEE-B47F-8E2E53A1CFF4}.Debug|x64.Build.0 = Debug|x64
		{9BFA064B-B841-4CEE-B47F-8E2E53A1CFF4}.Debug|x64.Deploy.0 = Debug|x64
		{9BFA064B-B841-4CEE-B47F-8E2E53A1CFF4}.Debug|x86.ActiveCfg = Debug|x86
		{9BFA064B-B841-4CEE-B47F-8E2E53A1CFF4}.Debug|x86.Build.0 = Debug|x86
		{9BFA064B-B841-4CEE-B47F-8E2E53A1CFF4}.Debug|x86.Deploy.0 = Debug|x86
		{9BFA064B-B841-4CEE-B47F-8E2E53A1CFF4}.Release|ARM.ActiveCfg = Release|ARM
		{9BFA064B-B841-4CEE-B47F-8E2E53A1CFF4}.Release|ARM.Build.0 = Release|ARM
		{9BFA064B-B841-4CEE-B47F-8E2E53A1CFF4}.Release|ARM.Deploy.0 = Release|ARM
		{9BFA064B-B841-4CEE-B47F-8E2E53A1CFF4}.Release|x64.ActiveCfg = Release|x64
		{9BFA064B-B841-4CEE-B47F-8E2E53A1CFF4}.Release|x64.Build.0 = Release|x64
		{9BFA064B-B841-4CEE-B47F-8E2E53A1CFF4}.Release|x64.Deploy.0 = Release|x64
		{9BFA064B-B841-4CEE-B47F-8E2E53A1CFF4}.Release|x86.ActiveCfg = Release|x86
		{9BFA064B-B841-4CEE-B47F-8E2E53A1CFF4}.Release|x86.Build.0 = Release|x86
		{9BFA064B-B841-4CEE-B47F-8E2E53A1CFF4}.Release|x86.Deploy.0 = Release|x86
		{8BAEF8DF-091E-42B0-B5F8-07A2F4657612}.Debug|ARM.ActiveCfg = Debug|ARM
		{8BAEF8DF-091E-42B0-B5F8-07A2F4657612}.Debug|ARM.Build.0 = Debug|ARM
		{8BAEF8DF-091E-42B0-B5F8-07A2F4657612}.Debug|ARM.Deploy.0 = Debug|ARM
		{8BAEF8DF-091E-42B0-B5F8-07A2F4657612}.Debug|x64.ActiveCfg = Debug|x64
		{8BAEF8DF-091E-42B0-B5F8-07A2F4657612}.Debug|x64.Build.0 = Debug|x64
		{8BAEF8DF-091E-42B0-B5F8-07A2F4657612}.Debug|x64.Deploy.0 = Debug|x64
		{8BAEF8DF-091E-42B0-B5F8-07A2F4657612}.Debug|x86.ActiveCfg = Debug|x86
		{8BAEF8DF-091E-42B0-B5F8-07A2F4657612}.Debug|x86.Build.0 = Debug|x86
		{8BAEF8DF-091E-42B0-B5F8-07A2F4657612}.Debug|x86.Deploy.0 = Debug|x86
		{8BAEF8DF-091E-42B0-B5F8-07A2F4657612}.Release|ARM.ActiveCfg = Release|ARM
		{8BAEF8DF-091E-42B0-B5F8-07A2F4657612}.Release|ARM.Build.0 = Release|ARM
		{8BAEF8DF-091E-42B0-B5F8-07A2F4657612}.Release|ARM.Deploy.0 = Release|ARM
		{8BAEF8DF-091E-42B0-B5F8-07A2F4657612}.Release|x64.ActiveCfg = Release|x64
		{8BAEF8DF-091E-42B0-B5F8-07A2F4657612}.Release|x64.Build.0 = Release|x64
		{8BAEF8DF-091E-42B0-B5F8-07A2F4657612}.Release|x64.Deploy.0 = Release|x64
		{8BAEF8DF-091E-42B0-B5F8-07A2F4657612}.Release|x86.ActiveCfg = Release|x86
		{8BAEF8DF-091E-42B0-B5F8-07A2F4657612}.Release|x86.Build.0 = Release|x86
		{8BAEF8DF-091E-42B0-B5F8-07A2F4657612}.Release|x86.Deploy.0 = Release|x86
		{4EA9D42D-20E2-4F87-8530-F1D0F6C80285}.Debug|ARM.ActiveCfg = Debug|ARM
		{4EA9D42D-20E2-4F87-8530-F1D0F6C80285}.Debug|ARM.Build.0 = Debug|ARM
		{4EA9D42D-20E2-4F87-8530-F1D0F6C80285}.Debug|ARM.Deploy.0 = Debug|ARM
		{4EA9D42D-20E2-4F87-8530-F1D0F6C80285}.Debug|x64.ActiveCfg = Debug|x64
		{4EA9D42D-20E2-4F87-8530-F1D0F6C80285}.Debug|x64.Build.0 = Debug|x64
		{4EA9D42D-20E2-4F87-8530-F1D0F6C80285}.Debug|x64.Deploy.0 = Debug|x64
		{4EA9D42D-20E2-4F87-8530-F1D0F6C80285}.Debug|x86.ActiveCfg = Debug|x86
		{4EA9D42D-20E2-4F87-8530-F1D0F6C80285}.Debug|x86.Build.0 = Debug|x86
		{4EA9D42D-20E2-4F87-8530-F1D0F6C80285}.Debug|x86.Deploy.0 = Debug|x86
		{4EA9D42D-20E2-4F87-8530-F1D0F6C80285}.Release|ARM.ActiveCfg = Release|ARM
		{4EA9D42D-20E2-4F87-8530-F1D0F6C80285}.Release|ARM.Build.0 = Release|ARM
		{4EA9D42D-20E2-4F87-8530-F1D0F6C80285}.Release|ARM.Deploy.0 = Release|ARM
		{4EA9D42D-20E2-4F87-8530-F1D0F6C80285}.Release|x64.ActiveCfg = Release|x64
		{4EA9D42D-20E2-4F87-8530-F1D0F6C80285}.Release|x64.Build.0 = Release|x64
		{4EA9D42D-20E2-4F87-8530-F1D0F6C80285}.Release|x64.Deploy.0 = Release|x64
		{4EA9D42D-20E2-4F87-8530-F1D0F6C80285}.Release|x86.ActiveCfg = Release|x86
		{4EA9D42D-20E2-4F87-8530-F1D0F6C80285}.Release|x86.Build.0 = Release|x86
		{4EA9D42D-20E2-4F87-8530-F1D0F6C80285}.Release|x86.Deploy.0 = Release|x86
		{4C49907B-C9FF-4DB4-ABC5-EDBD15AC723A}.Debug|ARM.ActiveCfg = Debug|ARM
		{4C49907B-C9FF-4DB4-ABC5-EDBD15AC723A}.Debug|ARM.Build.0 = Debug|ARM
		{4C49907B-C9FF-4DB4-ABC5-EDBD15AC723A}.Debug|ARM.Deploy.0 = Debug|ARM
		{4C49907B-C9FF-4DB4-ABC5-EDBD15AC723A}.Debug|x64.ActiveCfg = Debug|x64
		{4C49907B-C9FF-4DB4-ABC5-EDBD15AC723A}.Debug|x64.Build.0 = Debug|x64
		{4C49907B-C9FF-4DB4-ABC5-EDBD15AC723A}.Debug|x64.Deploy.0 = Debug|x64
		{4C49907B-C9FF-4DB4-ABC5-EDBD15AC723A}.Debug|x86.ActiveCfg = Debug|x86
		{4C49907B-C9FF-4DB4-ABC5-EDBD15AC723A}.Debug|x86.Build.0 = Debug|x86
		{4C49907B-C9FF-4DB4-ABC5-EDBD15AC723A}.Debug|x86.Deploy.0 = Debug|x86
		{4C49907B-C9FF-4DB4-ABC5-EDBD15AC723A}.Release|ARM.ActiveCfg = Release|ARM
		{4C49907B-C9FF-4DB4-ABC5-EDBD15AC723A}.Release|ARM.Build.0 = Release|ARM
		{4C49907B-C9FF-4DB4-ABC5-EDBD15AC723A}.Release|ARM.Deploy.0 = Release|ARM
		{4C49907B-C9FF-4DB4-ABC5-EDBD15AC723A}.Release|x64.ActiveCfg = Release|x64
		{4C49907B-C9FF-4DB4-ABC5-EDBD15AC723A}.Release|x64.Build.0 = Release|x64
		{4C49907B-C9FF-4DB4-ABC5-EDBD15AC723A}.Release|x64.Deploy.0 = Release|x64
		{4C49907B-C9FF-4DB4-ABC5-EDBD15AC723A}.Release|x86.ActiveCfg = Release|x86
		{4C49907B-C9FF-4DB4-ABC5-EDBD15AC723A}.Release|x86.Build.0 = Release|x86
		{4C49907B-C9FF-4DB4-ABC5-EDBD15AC723A}.Release|x86.Deploy.0 = Release|x86
		{F96954FD-D223-4D9F-BAC8-59A9DF542602}.Debug|ARM.ActiveCfg = Debug|ARM
		{F96954FD-D223-4D9F-BAC8-59A9DF542602}.Debug|ARM.Build.0 = Debug|ARM
		{F96954FD-D223-4D9F-BAC8-59A9DF542602}.Debug|ARM.Deploy.0 = Debug|ARM
		{F96954FD-D223-4D9F-BAC8-59A9DF542602}.Debug|x64.ActiveCfg = Debug|x64
		{F96954FD-D223-4D9F-BAC8-59A9DF542602}.Debug|x64.Build.0 = Debug|x64
		{F96954FD-D223-4D9F-BAC8-59A9DF542602}.Debug|x64.Deploy.0 = Debug|x64
		{F96954FD-D223-4D9F-BAC8-59A9DF542602}.Debug|x86.ActiveCfg = Debug|x86
		{F96954FD-D223-4D9F-BAC8-59A9DF542602}.Debug|x86.Build.0 = Debug|x86
		{F96954FD-D223-4D9F-BAC8-59A9DF542602}.Debug|x86.Deploy.0 = Debug|x86
		{F96954FD-D223-4D9F-BAC8-59A9DF542602}.Release|ARM.ActiveCfg = Release|ARM
		{F96954FD-D223-4D9F-BAC8-59A9DF542602}.Release|ARM.Build.0 = Release|ARM
		{F96954FD-D223-4D9F-BAC8-59A9DF542602}.Release|ARM.Deploy.0 = Release|ARM
		{F96954FD-D223-4D9F-BAC8-59A9DF542602}.Release|x64.ActiveCfg = Release|x64
		{F96954FD-D223-4D9F-BAC8-59A9DF542602}.Release|x64.Build.0 = Release|x64
		{F96954FD-D223-4D9F-BAC8-59A9DF542602}.Release|x64.Deploy.0 = Release|x64
		{F96954FD-D223-4D9F-BAC8-59A9DF542602}.Release|x86.ActiveCfg = Release|x86
		{F96954FD-D223-4D9F-BAC8-59A9DF542602}.Release|x86.Build.0 = Release|x86
		{F96954FD-D223-4D9F-BAC8-59A9DF542602}.Release|x86.Deploy.0 = Release|x86
		{3C4FB92B-F479-48E7-8DC3-27DB2F1ACC0D}.Debug|ARM.ActiveCfg = Debug|ARM
		{3C4FB92B-F479-48E7-8DC3-27DB2F1ACC0D}.Debug|ARM.Build.0 = Debug|ARM
		{3C4FB92B-F479-48E7-8DC3-27DB2F1ACC0D}.Debug|ARM.Deploy.0 = Debug|ARM
		{3C4FB92B-F479-48E7-8DC3-27DB2F1ACC0D}.Debug|x64.ActiveCfg = Debug|x64
		{3C4FB92B-F479-48E7-8DC3-27DB2F1ACC0D}.Debug|x64.Build.0 = Debug|x64
		{3C4FB92B-F479-48E7-8DC3-27DB2F1ACC0D}.Debug|x64.Deploy.0 = Debug|x64
		{3C4FB92B-F479-48E7-8DC3-27DB2F1ACC0D}.Debug|x86.ActiveCfg = Debug|x86
		{3C4FB92B-F479-48E7-8DC3-27DB2F1ACC0D}.Debug|x86.Build.0 = Debug|x86
		{3C4FB92B-F479-48E7-8DC3-27DB2F1ACC0D}.Debug|x86.Deploy.0 = Debug|x86
		{3C4FB92B-F479-48E7-8DC3-27DB2F1ACC0D}.Release|ARM.ActiveCfg = Release|ARM
		{3C4FB92B-F479-48E7-8DC3-27DB2F1ACC0D}.Release|ARM.Build.0 = Release|ARM
		{3C4FB92B-F479-48E7-8DC3-27DB2F1ACC0D}.Release|ARM.Deploy.0 = Release|ARM
		{3C4FB92B-F479-48E7-8DC3-27DB2F1ACC0D}.Release|x64.ActiveCfg = Release|x64
		{3C4FB92B-F479-48E7-8DC3-27DB2F1ACC0D}.Release|x64.Build.0 = Release|x64
		{3C4FB92B-F479-48E7-8DC3-27DB2F1ACC0D}.Release|x64.Deploy.0 = Release|x64
		{3C4FB92B-F479-48E7-8DC3-27DB2F1ACC0D}.Release|x86.ActiveCfg = Release|x86
		{3C4FB92B-F479-48E7-8DC3-27DB2F1ACC0D}.Release|x86.Build.0 = Release|x86
		{3C4FB92B-F479-48E7-8DC3-27DB2F1ACC0D}.Release|x86.Deploy.0 = Release|x86
	EndGlobalSection
	GlobalSection(SolutionProperties) = preSolution
		HideSolutionNode = FALSE
	EndGlobalSection
EndGlobal
