
Microsoft Visual Studio Solution File, Format Version 12.00
# Visual Studio 14
VisualStudioVersion = 14.0.24720.0
MinimumVisualStudioVersion = 10.0.40219.1
Project("{FAE04EC0-301F-11D3-BF4B-00C04F79EFBC}") = "Harjoituksia", "Harjoituksia.csproj", "{D8451FCE-645E-4838-BFCC-00CDA437F34D}"
EndProject
Project("{FAE04EC0-301F-11D3-BF4B-00C04F79EFBC}") = "Olioita", "..\Olioita\Olioita.csproj", "{281A000F-1D33-48E6-87F3-3E4276E245DA}"
EndProject
Project("{FAE04EC0-301F-11D3-BF4B-00C04F79EFBC}") = "Olioharjoituksia", "Olioharjoituksia\Olioharjoituksia.csproj", "{13972221-6CAD-43CF-9210-E22AF349DCEE}"
EndProject
Project("{FAE04EC0-301F-11D3-BF4B-00C04F79EFBC}") = "KiuasApplication", "..\KiuasApplication\KiuasApplication.csproj", "{A49F0D21-2FBB-439F-A319-AB9284B5F65B}"
EndProject
Global
	GlobalSection(SolutionConfigurationPlatforms) = preSolution
		Debug|Any CPU = Debug|Any CPU
		Release|Any CPU = Release|Any CPU
	EndGlobalSection
	GlobalSection(ProjectConfigurationPlatforms) = postSolution
		{D8451FCE-645E-4838-BFCC-00CDA437F34D}.Debug|Any CPU.ActiveCfg = Debug|Any CPU
		{D8451FCE-645E-4838-BFCC-00CDA437F34D}.Debug|Any CPU.Build.0 = Debug|Any CPU
		{D8451FCE-645E-4838-BFCC-00CDA437F34D}.Release|Any CPU.ActiveCfg = Release|Any CPU
		{D8451FCE-645E-4838-BFCC-00CDA437F34D}.Release|Any CPU.Build.0 = Release|Any CPU
		{281A000F-1D33-48E6-87F3-3E4276E245DA}.Debug|Any CPU.ActiveCfg = Debug|Any CPU
		{281A000F-1D33-48E6-87F3-3E4276E245DA}.Debug|Any CPU.Build.0 = Debug|Any CPU
		{281A000F-1D33-48E6-87F3-3E4276E245DA}.Release|Any CPU.ActiveCfg = Release|Any CPU
		{281A000F-1D33-48E6-87F3-3E4276E245DA}.Release|Any CPU.Build.0 = Release|Any CPU
		{13972221-6CAD-43CF-9210-E22AF349DCEE}.Debug|Any CPU.ActiveCfg = Debug|Any CPU
		{13972221-6CAD-43CF-9210-E22AF349DCEE}.Debug|Any CPU.Build.0 = Debug|Any CPU
		{13972221-6CAD-43CF-9210-E22AF349DCEE}.Release|Any CPU.ActiveCfg = Release|Any CPU
		{13972221-6CAD-43CF-9210-E22AF349DCEE}.Release|Any CPU.Build.0 = Release|Any CPU
		{A49F0D21-2FBB-439F-A319-AB9284B5F65B}.Debug|Any CPU.ActiveCfg = Debug|Any CPU
		{A49F0D21-2FBB-439F-A319-AB9284B5F65B}.Debug|Any CPU.Build.0 = Debug|Any CPU
		{A49F0D21-2FBB-439F-A319-AB9284B5F65B}.Release|Any CPU.ActiveCfg = Release|Any CPU
		{A49F0D21-2FBB-439F-A319-AB9284B5F65B}.Release|Any CPU.Build.0 = Release|Any CPU
	EndGlobalSection
	GlobalSection(SolutionProperties) = preSolution
		HideSolutionNode = FALSE
	EndGlobalSection
EndGlobal
