
Microsoft Visual Studio Solution File, Format Version 12.00
# Visual Studio 14
VisualStudioVersion = 14.0.24720.0
MinimumVisualStudioVersion = 10.0.40219.1
Project("{FAE04EC0-301F-11D3-BF4B-00C04F79EFBC}") = "Harjoituksia", "Harjoituksia.csproj", "{D8451FCE-645E-4838-BFCC-00CDA437F34D}"
EndProject
Project("{FAE04EC0-301F-11D3-BF4B-00C04F79EFBC}") = "Olioita", "..\Olioita\Olioita.csproj", "{281A000F-1D33-48E6-87F3-3E4276E245DA}"
EndProject
Project("{FAE04EC0-301F-11D3-BF4B-00C04F79EFBC}") = "Olioharjoituksia", "Olioharjoituksia\Olioharjoituksia.csproj", "{13972221-6CAD-43CF-9210-E22AF349DCEE}"
EndProject
Project("{FAE04EC0-301F-11D3-BF4B-00C04F79EFBC}") = "KiuasApplication", "..\KiuasApplication\KiuasApplication.csproj", "{A49F0D21-2FBB-439F-A319-AB9284B5F65B}"
EndProject
Project("{FAE04EC0-301F-11D3-BF4B-00C04F79EFBC}") = "VehicleApplication", "..\VehicleApplication\VehicleApplication.csproj", "{6A7E919B-5C72-4399-9F71-3595437F70A8}"
EndProject
Project("{FAE04EC0-301F-11D3-BF4B-00C04F79EFBC}") = "PersonApplication", "..\PersonApplication\PersonApplication.csproj", "{07CC006E-DCD5-40E3-8AAD-C865FCF2160D}"
EndProject
Project("{FAE04EC0-301F-11D3-BF4B-00C04F79EFBC}") = "ElevatorApplication", "ElevatorApplication\ElevatorApplication.csproj", "{B118EBDA-F662-460F-BE37-3AE82B71ED5D}"
EndProject
Project("{FAE04EC0-301F-11D3-BF4B-00C04F79EFBC}") = "EmployeeApplication", "EmployeeApplication\EmployeeApplication.csproj", "{A3D2E0C7-94D1-4ED0-BF15-6286417263D5}"
EndProject
Project("{FAE04EC0-301F-11D3-BF4B-00C04F79EFBC}") = "TyresApplication", "..\TyresApplication\TyresApplication.csproj", "{42C89332-DA20-4943-9B46-B3021539849B}"
EndProject
Project("{FAE04EC0-301F-11D3-BF4B-00C04F79EFBC}") = "RadioApplication", "..\RadioApplication\RadioApplication.csproj", "{77D3316B-46B9-4A58-B185-18C45722B090}"
EndProject
Project("{FAE04EC0-301F-11D3-BF4B-00C04F79EFBC}") = "RecordingMediaApplication", "RecordingMediaApplication\RecordingMediaApplication.csproj", "{D80F0C11-3CFB-4069-971E-FBFC07C72F3A}"
EndProject
Project("{FAE04EC0-301F-11D3-BF4B-00C04F79EFBC}") = "Task3", "..\Task3\Task3.csproj", "{53C7C778-8BA3-47FF-BEE6-A9C82F51E4C4}"
EndProject
Project("{FAE04EC0-301F-11D3-BF4B-00C04F79EFBC}") = "Object6Task1", "Object6Task1\Object6Task1.csproj", "{72D7A88B-5E9E-43AF-A755-2CFB633C7011}"
EndProject
Project("{FAE04EC0-301F-11D3-BF4B-00C04F79EFBC}") = "Object6Task4", "Object6Task4\Object6Task4.csproj", "{CBF35E74-A083-4B09-9BF1-9067D6AECFAC}"
EndProject
Project("{FAE04EC0-301F-11D3-BF4B-00C04F79EFBC}") = "Object6Task4_2", "..\Object6Task4_2\Object6Task4_2.csproj", "{F77A0534-E495-4BAE-97B6-95981D46DE97}"
EndProject
Project("{FAE04EC0-301F-11D3-BF4B-00C04F79EFBC}") = "Object7Task1", "Object7Task1\Object7Task1.csproj", "{8ABEF396-E3B8-47E8-8549-4932DDE2E65B}"
EndProject
Project("{FAE04EC0-301F-11D3-BF4B-00C04F79EFBC}") = "Demo8TestApp", "..\Demo8TestApp\Demo8TestApp.csproj", "{4C87F3F1-8C87-41F7-9AC6-8BB1877836DD}"
EndProject
Project("{FAE04EC0-301F-11D3-BF4B-00C04F79EFBC}") = "Demo8TestAppTests", "Demo8TestAppTests\Demo8TestAppTests.csproj", "{1B9379A9-9BC2-418D-A3BE-B25891B7DA9F}"
EndProject
Project("{FAE04EC0-301F-11D3-BF4B-00C04F79EFBC}") = "DiceApplication", "..\DiceApplication\DiceApplication.csproj", "{E22075C6-C0C8-4E54-BCC4-ECA6DC487B60}"
EndProject
Project("{FAE04EC0-301F-11D3-BF4B-00C04F79EFBC}") = "Demo8Task2", "..\Demo8Task2\Demo8Task2.csproj", "{D1477DFA-1572-4C9A-9B6A-D8B104F50E76}"
EndProject
Project("{FAE04EC0-301F-11D3-BF4B-00C04F79EFBC}") = "Demo7Task2", "..\Demo7Task2\Demo7Task2.csproj", "{413C7112-1AF1-46EA-9FAD-60598F72EEBC}"
EndProject
Project("{FAE04EC0-301F-11D3-BF4B-00C04F79EFBC}") = "Demo7Task3", "..\Demo7Task3\Demo7Task3.csproj", "{48DEA8BF-1C64-437B-881D-8EB1D1C2A949}"
EndProject
Global
	GlobalSection(SolutionConfigurationPlatforms) = preSolution
		Debug|Any CPU = Debug|Any CPU
		Release|Any CPU = Release|Any CPU
	EndGlobalSection
	GlobalSection(ProjectConfigurationPlatforms) = postSolution
		{D8451FCE-645E-4838-BFCC-00CDA437F34D}.Debug|Any CPU.ActiveCfg = Debug|Any CPU
		{D8451FCE-645E-4838-BFCC-00CDA437F34D}.Debug|Any CPU.Build.0 = Debug|Any CPU
		{D8451FCE-645E-4838-BFCC-00CDA437F34D}.Release|Any CPU.ActiveCfg = Release|Any CPU
		{D8451FCE-645E-4838-BFCC-00CDA437F34D}.Release|Any CPU.Build.0 = Release|Any CPU
		{281A000F-1D33-48E6-87F3-3E4276E245DA}.Debug|Any CPU.ActiveCfg = Debug|Any CPU
		{281A000F-1D33-48E6-87F3-3E4276E245DA}.Debug|Any CPU.Build.0 = Debug|Any CPU
		{281A000F-1D33-48E6-87F3-3E4276E245DA}.Release|Any CPU.ActiveCfg = Release|Any CPU
		{281A000F-1D33-48E6-87F3-3E4276E245DA}.Release|Any CPU.Build.0 = Release|Any CPU
		{13972221-6CAD-43CF-9210-E22AF349DCEE}.Debug|Any CPU.ActiveCfg = Debug|Any CPU
		{13972221-6CAD-43CF-9210-E22AF349DCEE}.Debug|Any CPU.Build.0 = Debug|Any CPU
		{13972221-6CAD-43CF-9210-E22AF349DCEE}.Release|Any CPU.ActiveCfg = Release|Any CPU
		{13972221-6CAD-43CF-9210-E22AF349DCEE}.Release|Any CPU.Build.0 = Release|Any CPU
		{A49F0D21-2FBB-439F-A319-AB9284B5F65B}.Debug|Any CPU.ActiveCfg = Debug|Any CPU
		{A49F0D21-2FBB-439F-A319-AB9284B5F65B}.Debug|Any CPU.Build.0 = Debug|Any CPU
		{A49F0D21-2FBB-439F-A319-AB9284B5F65B}.Release|Any CPU.ActiveCfg = Release|Any CPU
		{A49F0D21-2FBB-439F-A319-AB9284B5F65B}.Release|Any CPU.Build.0 = Release|Any CPU
		{6A7E919B-5C72-4399-9F71-3595437F70A8}.Debug|Any CPU.ActiveCfg = Debug|Any CPU
		{6A7E919B-5C72-4399-9F71-3595437F70A8}.Debug|Any CPU.Build.0 = Debug|Any CPU
		{6A7E919B-5C72-4399-9F71-3595437F70A8}.Release|Any CPU.ActiveCfg = Release|Any CPU
		{6A7E919B-5C72-4399-9F71-3595437F70A8}.Release|Any CPU.Build.0 = Release|Any CPU
		{07CC006E-DCD5-40E3-8AAD-C865FCF2160D}.Debug|Any CPU.ActiveCfg = Debug|Any CPU
		{07CC006E-DCD5-40E3-8AAD-C865FCF2160D}.Debug|Any CPU.Build.0 = Debug|Any CPU
		{07CC006E-DCD5-40E3-8AAD-C865FCF2160D}.Release|Any CPU.ActiveCfg = Release|Any CPU
		{07CC006E-DCD5-40E3-8AAD-C865FCF2160D}.Release|Any CPU.Build.0 = Release|Any CPU
		{B118EBDA-F662-460F-BE37-3AE82B71ED5D}.Debug|Any CPU.ActiveCfg = Debug|Any CPU
		{B118EBDA-F662-460F-BE37-3AE82B71ED5D}.Debug|Any CPU.Build.0 = Debug|Any CPU
		{B118EBDA-F662-460F-BE37-3AE82B71ED5D}.Release|Any CPU.ActiveCfg = Release|Any CPU
		{B118EBDA-F662-460F-BE37-3AE82B71ED5D}.Release|Any CPU.Build.0 = Release|Any CPU
		{A3D2E0C7-94D1-4ED0-BF15-6286417263D5}.Debug|Any CPU.ActiveCfg = Debug|Any CPU
		{A3D2E0C7-94D1-4ED0-BF15-6286417263D5}.Debug|Any CPU.Build.0 = Debug|Any CPU
		{A3D2E0C7-94D1-4ED0-BF15-6286417263D5}.Release|Any CPU.ActiveCfg = Release|Any CPU
		{A3D2E0C7-94D1-4ED0-BF15-6286417263D5}.Release|Any CPU.Build.0 = Release|Any CPU
		{42C89332-DA20-4943-9B46-B3021539849B}.Debug|Any CPU.ActiveCfg = Debug|Any CPU
		{42C89332-DA20-4943-9B46-B3021539849B}.Debug|Any CPU.Build.0 = Debug|Any CPU
		{42C89332-DA20-4943-9B46-B3021539849B}.Release|Any CPU.ActiveCfg = Release|Any CPU
		{42C89332-DA20-4943-9B46-B3021539849B}.Release|Any CPU.Build.0 = Release|Any CPU
		{77D3316B-46B9-4A58-B185-18C45722B090}.Debug|Any CPU.ActiveCfg = Debug|Any CPU
		{77D3316B-46B9-4A58-B185-18C45722B090}.Debug|Any CPU.Build.0 = Debug|Any CPU
		{77D3316B-46B9-4A58-B185-18C45722B090}.Release|Any CPU.ActiveCfg = Release|Any CPU
		{77D3316B-46B9-4A58-B185-18C45722B090}.Release|Any CPU.Build.0 = Release|Any CPU
		{D80F0C11-3CFB-4069-971E-FBFC07C72F3A}.Debug|Any CPU.ActiveCfg = Debug|Any CPU
		{D80F0C11-3CFB-4069-971E-FBFC07C72F3A}.Debug|Any CPU.Build.0 = Debug|Any CPU
		{D80F0C11-3CFB-4069-971E-FBFC07C72F3A}.Release|Any CPU.ActiveCfg = Release|Any CPU
		{D80F0C11-3CFB-4069-971E-FBFC07C72F3A}.Release|Any CPU.Build.0 = Release|Any CPU
		{53C7C778-8BA3-47FF-BEE6-A9C82F51E4C4}.Debug|Any CPU.ActiveCfg = Debug|Any CPU
		{53C7C778-8BA3-47FF-BEE6-A9C82F51E4C4}.Debug|Any CPU.Build.0 = Debug|Any CPU
		{53C7C778-8BA3-47FF-BEE6-A9C82F51E4C4}.Release|Any CPU.ActiveCfg = Release|Any CPU
		{53C7C778-8BA3-47FF-BEE6-A9C82F51E4C4}.Release|Any CPU.Build.0 = Release|Any CPU
		{72D7A88B-5E9E-43AF-A755-2CFB633C7011}.Debug|Any CPU.ActiveCfg = Debug|Any CPU
		{72D7A88B-5E9E-43AF-A755-2CFB633C7011}.Debug|Any CPU.Build.0 = Debug|Any CPU
		{72D7A88B-5E9E-43AF-A755-2CFB633C7011}.Release|Any CPU.ActiveCfg = Release|Any CPU
		{72D7A88B-5E9E-43AF-A755-2CFB633C7011}.Release|Any CPU.Build.0 = Release|Any CPU
		{CBF35E74-A083-4B09-9BF1-9067D6AECFAC}.Debug|Any CPU.ActiveCfg = Debug|Any CPU
		{CBF35E74-A083-4B09-9BF1-9067D6AECFAC}.Debug|Any CPU.Build.0 = Debug|Any CPU
		{CBF35E74-A083-4B09-9BF1-9067D6AECFAC}.Release|Any CPU.ActiveCfg = Release|Any CPU
		{CBF35E74-A083-4B09-9BF1-9067D6AECFAC}.Release|Any CPU.Build.0 = Release|Any CPU
		{F77A0534-E495-4BAE-97B6-95981D46DE97}.Debug|Any CPU.ActiveCfg = Debug|Any CPU
		{F77A0534-E495-4BAE-97B6-95981D46DE97}.Debug|Any CPU.Build.0 = Debug|Any CPU
		{F77A0534-E495-4BAE-97B6-95981D46DE97}.Release|Any CPU.ActiveCfg = Release|Any CPU
		{F77A0534-E495-4BAE-97B6-95981D46DE97}.Release|Any CPU.Build.0 = Release|Any CPU
		{8ABEF396-E3B8-47E8-8549-4932DDE2E65B}.Debug|Any CPU.ActiveCfg = Debug|Any CPU
		{8ABEF396-E3B8-47E8-8549-4932DDE2E65B}.Debug|Any CPU.Build.0 = Debug|Any CPU
		{8ABEF396-E3B8-47E8-8549-4932DDE2E65B}.Release|Any CPU.ActiveCfg = Release|Any CPU
		{8ABEF396-E3B8-47E8-8549-4932DDE2E65B}.Release|Any CPU.Build.0 = Release|Any CPU
		{4C87F3F1-8C87-41F7-9AC6-8BB1877836DD}.Debug|Any CPU.ActiveCfg = Debug|Any CPU
		{4C87F3F1-8C87-41F7-9AC6-8BB1877836DD}.Debug|Any CPU.Build.0 = Debug|Any CPU
		{4C87F3F1-8C87-41F7-9AC6-8BB1877836DD}.Release|Any CPU.ActiveCfg = Release|Any CPU
		{4C87F3F1-8C87-41F7-9AC6-8BB1877836DD}.Release|Any CPU.Build.0 = Release|Any CPU
		{1B9379A9-9BC2-418D-A3BE-B25891B7DA9F}.Debug|Any CPU.ActiveCfg = Debug|Any CPU
		{1B9379A9-9BC2-418D-A3BE-B25891B7DA9F}.Debug|Any CPU.Build.0 = Debug|Any CPU
		{1B9379A9-9BC2-418D-A3BE-B25891B7DA9F}.Release|Any CPU.ActiveCfg = Release|Any CPU
		{1B9379A9-9BC2-418D-A3BE-B25891B7DA9F}.Release|Any CPU.Build.0 = Release|Any CPU
		{E22075C6-C0C8-4E54-BCC4-ECA6DC487B60}.Debug|Any CPU.ActiveCfg = Debug|Any CPU
		{E22075C6-C0C8-4E54-BCC4-ECA6DC487B60}.Debug|Any CPU.Build.0 = Debug|Any CPU
		{E22075C6-C0C8-4E54-BCC4-ECA6DC487B60}.Release|Any CPU.ActiveCfg = Release|Any CPU
		{E22075C6-C0C8-4E54-BCC4-ECA6DC487B60}.Release|Any CPU.Build.0 = Release|Any CPU
		{D1477DFA-1572-4C9A-9B6A-D8B104F50E76}.Debug|Any CPU.ActiveCfg = Debug|Any CPU
		{D1477DFA-1572-4C9A-9B6A-D8B104F50E76}.Debug|Any CPU.Build.0 = Debug|Any CPU
		{D1477DFA-1572-4C9A-9B6A-D8B104F50E76}.Release|Any CPU.ActiveCfg = Release|Any CPU
		{D1477DFA-1572-4C9A-9B6A-D8B104F50E76}.Release|Any CPU.Build.0 = Release|Any CPU
		{413C7112-1AF1-46EA-9FAD-60598F72EEBC}.Debug|Any CPU.ActiveCfg = Debug|Any CPU
		{413C7112-1AF1-46EA-9FAD-60598F72EEBC}.Debug|Any CPU.Build.0 = Debug|Any CPU
		{413C7112-1AF1-46EA-9FAD-60598F72EEBC}.Release|Any CPU.ActiveCfg = Release|Any CPU
		{413C7112-1AF1-46EA-9FAD-60598F72EEBC}.Release|Any CPU.Build.0 = Release|Any CPU
		{48DEA8BF-1C64-437B-881D-8EB1D1C2A949}.Debug|Any CPU.ActiveCfg = Debug|Any CPU
		{48DEA8BF-1C64-437B-881D-8EB1D1C2A949}.Debug|Any CPU.Build.0 = Debug|Any CPU
		{48DEA8BF-1C64-437B-881D-8EB1D1C2A949}.Release|Any CPU.ActiveCfg = Release|Any CPU
		{48DEA8BF-1C64-437B-881D-8EB1D1C2A949}.Release|Any CPU.Build.0 = Release|Any CPU
	EndGlobalSection
	GlobalSection(SolutionProperties) = preSolution
		HideSolutionNode = FALSE
	EndGlobalSection
EndGlobal
